
Microsoft Visual Studio Solution File, Format Version 12.00
# Visual Studio 15
VisualStudioVersion = 15.0.26430.13
MinimumVisualStudioVersion = 10.0.40219.1
Project("{FAE04EC0-301F-11D3-BF4B-00C04F79EFBC}") = "ExampleOrmAsp", "ExampleOrmAsp\ExampleOrmAsp.csproj", "{0393174A-841D-44D9-ADF9-F45AEF4C0ED0}"
EndProject
Project("{FAE04EC0-301F-11D3-BF4B-00C04F79EFBC}") = "DataLayer", "DataLayer\DataLayer.csproj", "{2426DFCB-8916-4B06-88C3-7DDB347CD872}"
EndProject
Global
	GlobalSection(SolutionConfigurationPlatforms) = preSolution
		Debug|Any CPU = Debug|Any CPU
		Release|Any CPU = Release|Any CPU
	EndGlobalSection
	GlobalSection(ProjectConfigurationPlatforms) = postSolution
		{0393174A-841D-44D9-ADF9-F45AEF4C0ED0}.Debug|Any CPU.ActiveCfg = Debug|Any CPU
		{0393174A-841D-44D9-ADF9-F45AEF4C0ED0}.Debug|Any CPU.Build.0 = Debug|Any CPU
		{0393174A-841D-44D9-ADF9-F45AEF4C0ED0}.Release|Any CPU.ActiveCfg = Release|Any CPU
		{0393174A-841D-44D9-ADF9-F45AEF4C0ED0}.Release|Any CPU.Build.0 = Release|Any CPU
		{2426DFCB-8916-4B06-88C3-7DDB347CD872}.Debug|Any CPU.ActiveCfg = Debug|Any CPU
		{2426DFCB-8916-4B06-88C3-7DDB347CD872}.Debug|Any CPU.Build.0 = Debug|Any CPU
		{2426DFCB-8916-4B06-88C3-7DDB347CD872}.Release|Any CPU.ActiveCfg = Release|Any CPU
		{2426DFCB-8916-4B06-88C3-7DDB347CD872}.Release|Any CPU.Build.0 = Release|Any CPU
	EndGlobalSection
	GlobalSection(SolutionProperties) = preSolution
		HideSolutionNode = FALSE
	EndGlobalSection
EndGlobal
